<?xml version="1.0" encoding="utf-8"?>
<Project ToolsVersion="4.0" xmlns="http://schemas.microsoft.com/developer/msbuild/2003">
  <ItemGroup>
    <Filter Include="Source Files">
      <UniqueIdentifier>{4FC737F1-C7A5-4376-A066-2A32D752A2FF}</UniqueIdentifier>
      <Extensions>cpp;c;cc;cxx;def;odl;idl;hpj;bat;asm;asmx</Extensions>
    </Filter>
    <Filter Include="Header Files">
      <UniqueIdentifier>{93995380-89BD-4b04-88EB-625FBE52EBFB}</UniqueIdentifier>
      <Extensions>h;hh;hpp;hxx;hm;inl;inc;xsd</Extensions>
    </Filter>
    <Filter Include="Resource Files">
      <UniqueIdentifier>{67DA6AB6-F800-4c08-8B7A-83BB121AAD01}</UniqueIdentifier>
      <Extensions>rc;ico;cur;bmp;dlg;rc2;rct;bin;rgs;gif;jpg;jpeg;jpe;resx;tiff;tif;png;wav;mfcribbon-ms</Extensions>
    </Filter>
  </ItemGroup>
  <ItemGroup>
    <ClInclude Include="WyvernRider.h">
      <Filter>Header Files</Filter>
    </ClInclude>
    <ClInclude Include="Anima.h">
      <Filter>Header Files</Filter>
    </ClInclude>
    <ClInclude Include="Archer.h">
      <Filter>Header Files</Filter>
    </ClInclude>
    <ClInclude Include="Aura.h">
      <Filter>Header Files</Filter>
    </ClInclude>
    <ClInclude Include="Aureola.h">
      <Filter>Header Files</Filter>
    </ClInclude>
    <ClInclude Include="Axe.h">
      <Filter>Header Files</Filter>
    </ClInclude>
    <ClInclude Include="Bow.h">
      <Filter>Header Files</Filter>
    </ClInclude>
    <ClInclude Include="Cavalier.h">
      <Filter>Header Files</Filter>
    </ClInclude>
    <ClInclude Include="Character.h">
      <Filter>Header Files</Filter>
    </ClInclude>
    <ClInclude Include="Cleric.h">
      <Filter>Header Files</Filter>
    </ClInclude>
    <ClInclude Include="Cursor.h">
      <Filter>Header Files</Filter>
    </ClInclude>
    <ClInclude Include="Dancer.h">
      <Filter>Header Files</Filter>
    </ClInclude>
    <ClInclude Include="Dark.h">
      <Filter>Header Files</Filter>
    </ClInclude>
    <ClInclude Include="DeployScreen.h">
      <Filter>Header Files</Filter>
    </ClInclude>
    <ClInclude Include="Divine.h">
      <Filter>Header Files</Filter>
    </ClInclude>
    <ClInclude Include="Elfire.h">
      <Filter>Header Files</Filter>
    </ClInclude>
    <ClInclude Include="Elixir.h">
      <Filter>Header Files</Filter>
    </ClInclude>
    <ClInclude Include="Excalibur.h">
      <Filter>Header Files</Filter>
    </ClInclude>
    <ClInclude Include="Fennrir.h">
      <Filter>Header Files</Filter>
    </ClInclude>
    <ClInclude Include="Fighter.h">
      <Filter>Header Files</Filter>
    </ClInclude>
    <ClInclude Include="Fimbulvetr.h">
      <Filter>Header Files</Filter>
    </ClInclude>
    <ClInclude Include="Fire.h">
      <Filter>Header Files</Filter>
    </ClInclude>
    <ClInclude Include="FireEmblemLib.h">
      <Filter>Header Files</Filter>
    </ClInclude>
    <ClInclude Include="Flux.h">
      <Filter>Header Files</Filter>
    </ClInclude>
    <ClInclude Include="Forblaze.h">
      <Filter>Header Files</Filter>
    </ClInclude>
    <ClInclude Include="Forest.h">
      <Filter>Header Files</Filter>
    </ClInclude>
    <ClInclude Include="GameOverScene.h">
      <Filter>Header Files</Filter>
    </ClInclude>
    <ClInclude Include="GameScene.h">
      <Filter>Header Files</Filter>
    </ClInclude>
    <ClInclude Include="Gespenst.h">
      <Filter>Header Files</Filter>
    </ClInclude>
    <ClInclude Include="HandAxe.h">
      <Filter>Header Files</Filter>
    </ClInclude>
    <ClInclude Include="IronAxe.h">
      <Filter>Header Files</Filter>
    </ClInclude>
    <ClInclude Include="IronBlade.h">
      <Filter>Header Files</Filter>
    </ClInclude>
    <ClInclude Include="IronBow.h">
      <Filter>Header Files</Filter>
    </ClInclude>
    <ClInclude Include="IronLance.h">
      <Filter>Header Files</Filter>
    </ClInclude>
    <ClInclude Include="IronSword.h">
      <Filter>Header Files</Filter>
    </ClInclude>
    <ClInclude Include="Item.h">
      <Filter>Header Files</Filter>
    </ClInclude>
    <ClInclude Include="Javelin.h">
      <Filter>Header Files</Filter>
    </ClInclude>
    <ClInclude Include="Knight.h">
      <Filter>Header Files</Filter>
    </ClInclude>
    <ClInclude Include="Lance.h">
      <Filter>Header Files</Filter>
    </ClInclude>
    <ClInclude Include="Light.h">
      <Filter>Header Files</Filter>
    </ClInclude>
    <ClInclude Include="Lightning.h">
      <Filter>Header Files</Filter>
    </ClInclude>
    <ClInclude Include="LongBow.h">
      <Filter>Header Files</Filter>
    </ClInclude>
    <ClInclude Include="Lord.h">
      <Filter>Header Files</Filter>
    </ClInclude>
    <ClInclude Include="Luce.h">
      <Filter>Header Files</Filter>
    </ClInclude>
    <ClInclude Include="Mage.h">
      <Filter>Header Files</Filter>
    </ClInclude>
    <ClInclude Include="Map.h">
      <Filter>Header Files</Filter>
    </ClInclude>
    <ClInclude Include="Mercenary.h">
      <Filter>Header Files</Filter>
    </ClInclude>
    <ClInclude Include="Monk.h">
      <Filter>Header Files</Filter>
    </ClInclude>
    <ClInclude Include="Myrmidon.h">
      <Filter>Header Files</Filter>
    </ClInclude>
    <ClInclude Include="Nomad.h">
      <Filter>Header Files</Filter>
    </ClInclude>
    <ClInclude Include="Nosferatu.h">
      <Filter>Header Files</Filter>
    </ClInclude>
    <ClInclude Include="PegasusKnight.h">
      <Filter>Header Files</Filter>
    </ClInclude>
    <ClInclude Include="Pirate.h">
      <Filter>Header Files</Filter>
    </ClInclude>
    <ClInclude Include="Plain.h">
      <Filter>Header Files</Filter>
    </ClInclude>
    <ClInclude Include="Potion.h">
      <Filter>Header Files</Filter>
    </ClInclude>
    <ClInclude Include="RandomNumberGenerator.h">
      <Filter>Header Files</Filter>
    </ClInclude>
    <ClInclude Include="Scene.h">
      <Filter>Header Files</Filter>
    </ClInclude>
    <ClInclude Include="Shaman.h">
      <Filter>Header Files</Filter>
    </ClInclude>
    <ClInclude Include="Shine.h">
      <Filter>Header Files</Filter>
    </ClInclude>
    <ClInclude Include="ShortBow.h">
      <Filter>Header Files</Filter>
    </ClInclude>
    <ClInclude Include="ShortSpear.h">
      <Filter>Header Files</Filter>
    </ClInclude>
    <ClInclude Include="SilverAxe.h">
      <Filter>Header Files</Filter>
    </ClInclude>
    <ClInclude Include="SilverBlade.h">
      <Filter>Header Files</Filter>
    </ClInclude>
    <ClInclude Include="SilverBow.h">
      <Filter>Header Files</Filter>
    </ClInclude>
    <ClInclude Include="SilverLance.h">
      <Filter>Header Files</Filter>
    </ClInclude>
    <ClInclude Include="SilverSword.h">
      <Filter>Header Files</Filter>
    </ClInclude>
    <ClInclude Include="SlimLance.h">
      <Filter>Header Files</Filter>
    </ClInclude>
    <ClInclude Include="SlimSword.h">
      <Filter>Header Files</Filter>
    </ClInclude>
    <ClInclude Include="Spear.h">
      <Filter>Header Files</Filter>
    </ClInclude>
    <ClInclude Include="SteelAxe.h">
      <Filter>Header Files</Filter>
    </ClInclude>
    <ClInclude Include="SteelBlade.h">
      <Filter>Header Files</Filter>
    </ClInclude>
    <ClInclude Include="SteelBow.h">
      <Filter>Header Files</Filter>
    </ClInclude>
    <ClInclude Include="SteelLance.h">
      <Filter>Header Files</Filter>
    </ClInclude>
    <ClInclude Include="SteelSword.h">
      <Filter>Header Files</Filter>
    </ClInclude>
    <ClInclude Include="Sword.h">
      <Filter>Header Files</Filter>
    </ClInclude>
    <ClInclude Include="Terrain.h">
      <Filter>Header Files</Filter>
    </ClInclude>
    <ClInclude Include="Thief.h">
      <Filter>Header Files</Filter>
    </ClInclude>
    <ClInclude Include="Thunder.h">
      <Filter>Header Files</Filter>
    </ClInclude>
    <ClInclude Include="TitleScreen.h">
      <Filter>Header Files</Filter>
    </ClInclude>
    <ClInclude Include="Vulnerary.h">
      <Filter>Header Files</Filter>
    </ClInclude>
    <ClInclude Include="Weapon.h">
      <Filter>Header Files</Filter>
    </ClInclude>
  </ItemGroup>
  <ItemGroup>
    <ClCompile Include="WyvernRider.cpp">
      <Filter>Source Files</Filter>
    </ClCompile>
    <ClCompile Include="Anima.cpp">
      <Filter>Source Files</Filter>
    </ClCompile>
    <ClCompile Include="Archer.cpp">
      <Filter>Source Files</Filter>
    </ClCompile>
    <ClCompile Include="Aura.cpp">
      <Filter>Source Files</Filter>
    </ClCompile>
    <ClCompile Include="Aureola.cpp">
      <Filter>Source Files</Filter>
    </ClCompile>
    <ClCompile Include="Axe.cpp">
      <Filter>Source Files</Filter>
    </ClCompile>
    <ClCompile Include="Bow.cpp">
      <Filter>Source Files</Filter>
    </ClCompile>
    <ClCompile Include="Cavalier.cpp">
      <Filter>Source Files</Filter>
    </ClCompile>
    <ClCompile Include="Character.cpp">
      <Filter>Source Files</Filter>
    </ClCompile>
    <ClCompile Include="Cleric.cpp">
      <Filter>Source Files</Filter>
    </ClCompile>
    <ClCompile Include="Cursor.cpp">
      <Filter>Source Files</Filter>
    </ClCompile>
    <ClCompile Include="Dancer.cpp">
      <Filter>Source Files</Filter>
    </ClCompile>
    <ClCompile Include="Dark.cpp">
      <Filter>Source Files</Filter>
    </ClCompile>
    <ClCompile Include="DeployScreen.cpp">
      <Filter>Source Files</Filter>
    </ClCompile>
    <ClCompile Include="Divine.cpp">
      <Filter>Source Files</Filter>
    </ClCompile>
    <ClCompile Include="Elfire.cpp">
      <Filter>Source Files</Filter>
    </ClCompile>
    <ClCompile Include="Elixir.cpp">
      <Filter>Source Files</Filter>
    </ClCompile>
    <ClCompile Include="Excalibur.cpp">
      <Filter>Source Files</Filter>
    </ClCompile>
    <ClCompile Include="Fennrir.cpp">
      <Filter>Source Files</Filter>
    </ClCompile>
    <ClCompile Include="Fighter.cpp">
      <Filter>Source Files</Filter>
    </ClCompile>
    <ClCompile Include="Fimbulvetr.cpp">
      <Filter>Source Files</Filter>
    </ClCompile>
    <ClCompile Include="Fire.cpp">
      <Filter>Source Files</Filter>
    </ClCompile>
    <ClCompile Include="Flux.cpp">
      <Filter>Source Files</Filter>
    </ClCompile>
    <ClCompile Include="Forblaze.cpp">
      <Filter>Source Files</Filter>
    </ClCompile>
    <ClCompile Include="Forest.cpp">
      <Filter>Source Files</Filter>
    </ClCompile>
    <ClCompile Include="GameOverScene.cpp">
      <Filter>Source Files</Filter>
    </ClCompile>
    <ClCompile Include="GameScene.cpp">
      <Filter>Source Files</Filter>
    </ClCompile>
    <ClCompile Include="Gespenst.cpp">
      <Filter>Source Files</Filter>
    </ClCompile>
    <ClCompile Include="HandAxe.cpp">
      <Filter>Source Files</Filter>
    </ClCompile>
    <ClCompile Include="IronAxe.cpp">
      <Filter>Source Files</Filter>
    </ClCompile>
    <ClCompile Include="IronBlade.cpp">
      <Filter>Source Files</Filter>
    </ClCompile>
    <ClCompile Include="IronBow.cpp">
      <Filter>Source Files</Filter>
    </ClCompile>
    <ClCompile Include="IronLance.cpp">
      <Filter>Source Files</Filter>
    </ClCompile>
    <ClCompile Include="IronSword.cpp">
      <Filter>Source Files</Filter>
    </ClCompile>
    <ClCompile Include="Item.cpp">
      <Filter>Source Files</Filter>
    </ClCompile>
    <ClCompile Include="Javelin.cpp">
      <Filter>Source Files</Filter>
    </ClCompile>
    <ClCompile Include="Knight.cpp">
      <Filter>Source Files</Filter>
    </ClCompile>
    <ClCompile Include="Lance.cpp">
      <Filter>Source Files</Filter>
    </ClCompile>
    <ClCompile Include="Light.cpp">
      <Filter>Source Files</Filter>
    </ClCompile>
    <ClCompile Include="Lightning.cpp">
      <Filter>Source Files</Filter>
    </ClCompile>
    <ClCompile Include="LongBow.cpp">
      <Filter>Source Files</Filter>
    </ClCompile>
    <ClCompile Include="Lord.cpp">
      <Filter>Source Files</Filter>
    </ClCompile>
    <ClCompile Include="Luce.cpp">
      <Filter>Source Files</Filter>
    </ClCompile>
    <ClCompile Include="Mage.cpp">
      <Filter>Source Files</Filter>
    </ClCompile>
    <ClCompile Include="main.cpp">
      <Filter>Source Files</Filter>
    </ClCompile>
    <ClCompile Include="Map.cpp">
      <Filter>Source Files</Filter>
    </ClCompile>
    <ClCompile Include="Mercenary.cpp">
      <Filter>Source Files</Filter>
    </ClCompile>
    <ClCompile Include="Monk.cpp">
      <Filter>Source Files</Filter>
    </ClCompile>
    <ClCompile Include="Myrmidon.cpp">
      <Filter>Source Files</Filter>
    </ClCompile>
    <ClCompile Include="Nomad.cpp">
      <Filter>Source Files</Filter>
    </ClCompile>
    <ClCompile Include="Nosferatu.cpp">
      <Filter>Source Files</Filter>
    </ClCompile>
    <ClCompile Include="PegasusKnight.cpp">
      <Filter>Source Files</Filter>
    </ClCompile>
    <ClCompile Include="Pirate.cpp">
      <Filter>Source Files</Filter>
    </ClCompile>
    <ClCompile Include="Plain.cpp">
      <Filter>Source Files</Filter>
    </ClCompile>
    <ClCompile Include="Potion.cpp">
      <Filter>Source Files</Filter>
    </ClCompile>
    <ClCompile Include="RandomNumberGenerator.cpp">
      <Filter>Source Files</Filter>
    </ClCompile>
    <ClCompile Include="Scene.cpp">
      <Filter>Source Files</Filter>
    </ClCompile>
    <ClCompile Include="Shaman.cpp">
      <Filter>Source Files</Filter>
    </ClCompile>
    <ClCompile Include="Shine.cpp">
      <Filter>Source Files</Filter>
    </ClCompile>
    <ClCompile Include="ShortBow.cpp">
      <Filter>Source Files</Filter>
    </ClCompile>
    <ClCompile Include="ShortSpear.cpp">
      <Filter>Source Files</Filter>
    </ClCompile>
    <ClCompile Include="SilverAxe.cpp">
      <Filter>Source Files</Filter>
    </ClCompile>
    <ClCompile Include="SilverBlade.cpp">
      <Filter>Source Files</Filter>
    </ClCompile>
    <ClCompile Include="SilverBow.cpp">
      <Filter>Source Files</Filter>
    </ClCompile>
    <ClCompile Include="SilverLance.cpp">
      <Filter>Source Files</Filter>
    </ClCompile>
    <ClCompile Include="SilverSword.cpp">
      <Filter>Source Files</Filter>
    </ClCompile>
    <ClCompile Include="SlimLance.cpp">
      <Filter>Source Files</Filter>
    </ClCompile>
    <ClCompile Include="SlimSword.cpp">
      <Filter>Source Files</Filter>
    </ClCompile>
    <ClCompile Include="Spear.cpp">
      <Filter>Source Files</Filter>
    </ClCompile>
    <ClCompile Include="SteelAxe.cpp">
      <Filter>Source Files</Filter>
    </ClCompile>
    <ClCompile Include="SteelBlade.cpp">
      <Filter>Source Files</Filter>
    </ClCompile>
    <ClCompile Include="SteelBow.cpp">
      <Filter>Source Files</Filter>
    </ClCompile>
    <ClCompile Include="SteelLance.cpp">
      <Filter>Source Files</Filter>
    </ClCompile>
    <ClCompile Include="SteelSword.cpp">
      <Filter>Source Files</Filter>
    </ClCompile>
    <ClCompile Include="Sword.cpp">
      <Filter>Source Files</Filter>
    </ClCompile>
    <ClCompile Include="Terrain.cpp">
      <Filter>Source Files</Filter>
    </ClCompile>
    <ClCompile Include="Thief.cpp">
      <Filter>Source Files</Filter>
    </ClCompile>
    <ClCompile Include="Thunder.cpp">
      <Filter>Source Files</Filter>
    </ClCompile>
    <ClCompile Include="TitleScreen.cpp">
      <Filter>Source Files</Filter>
    </ClCompile>
    <ClCompile Include="Vulnerary.cpp">
      <Filter>Source Files</Filter>
    </ClCompile>
    <ClCompile Include="Weapon.cpp">
      <Filter>Source Files</Filter>
    </ClCompile>
  </ItemGroup>
</Project>